
Microsoft Visual Studio Solution File, Format Version 12.00
# Visual Studio 15
VisualStudioVersion = 15.0.28010.2016
MinimumVisualStudioVersion = 10.0.40219.1
Project("{FAE04EC0-301F-11D3-BF4B-00C04F79EFBC}") = "AudioMod", "AudioMod\AudioMod.csproj", "{1FEFD601-0E18-4772-85CC-FE6D4F322FC7}"
EndProject
Global
	GlobalSection(SolutionConfigurationPlatforms) = preSolution
		Debug|Any CPU = Debug|Any CPU
		Release|Any CPU = Release|Any CPU
	EndGlobalSection
	GlobalSection(ProjectConfigurationPlatforms) = postSolution
		{1FEFD601-0E18-4772-85CC-FE6D4F322FC7}.Debug|Any CPU.ActiveCfg = Debug|Any CPU
		{1FEFD601-0E18-4772-85CC-FE6D4F322FC7}.Debug|Any CPU.Build.0 = Debug|Any CPU
		{1FEFD601-0E18-4772-85CC-FE6D4F322FC7}.Release|Any CPU.ActiveCfg = Release|Any CPU
		{1FEFD601-0E18-4772-85CC-FE6D4F322FC7}.Release|Any CPU.Build.0 = Release|Any CPU
	EndGlobalSection
	GlobalSection(SolutionProperties) = preSolution
		HideSolutionNode = FALSE
	EndGlobalSection
	GlobalSection(ExtensibilityGlobals) = postSolution
		SolutionGuid = {DBDA0A4C-55A3-4AA7-A793-4500A2EC3FCD}
	EndGlobalSection
EndGlobal
